
Microsoft Visual Studio Solution File, Format Version 12.00
# Visual Studio Version 17
VisualStudioVersion = 17.7.34031.279
MinimumVisualStudioVersion = 10.0.40219.1
Project("{8BC9CEB8-8B4A-11D0-8D11-00A0C91BC942}") = "HW23.11", "HW23.11.vcxproj", "{913A0821-91C1-45E6-83D1-496F64D26BC9}"
EndProject
Global
	GlobalSection(SolutionConfigurationPlatforms) = preSolution
		Debug|x64 = Debug|x64
		Debug|x86 = Debug|x86
		Release|x64 = Release|x64
		Release|x86 = Release|x86
	EndGlobalSection
	GlobalSection(ProjectConfigurationPlatforms) = postSolution
		{913A0821-91C1-45E6-83D1-496F64D26BC9}.Debug|x64.ActiveCfg = Debug|x64
		{913A0821-91C1-45E6-83D1-496F64D26BC9}.Debug|x64.Build.0 = Debug|x64
		{913A0821-91C1-45E6-83D1-496F64D26BC9}.Debug|x86.ActiveCfg = Debug|Win32
		{913A0821-91C1-45E6-83D1-496F64D26BC9}.Debug|x86.Build.0 = Debug|Win32
		{913A0821-91C1-45E6-83D1-496F64D26BC9}.Release|x64.ActiveCfg = Release|x64
		{913A0821-91C1-45E6-83D1-496F64D26BC9}.Release|x64.Build.0 = Release|x64
		{913A0821-91C1-45E6-83D1-496F64D26BC9}.Release|x86.ActiveCfg = Release|Win32
		{913A0821-91C1-45E6-83D1-496F64D26BC9}.Release|x86.Build.0 = Release|Win32
	EndGlobalSection
	GlobalSection(SolutionProperties) = preSolution
		HideSolutionNode = FALSE
	EndGlobalSection
	GlobalSection(ExtensibilityGlobals) = postSolution
		SolutionGuid = {5A8CE8E2-2A1D-41BC-AA47-A73B6EFDE4DE}
	EndGlobalSection
EndGlobal
